
Microsoft Visual Studio Solution File, Format Version 12.00
# Visual Studio Version 16
VisualStudioVersion = 16.0.30114.105
MinimumVisualStudioVersion = 10.0.40219.1
Project("{FAE04EC0-301F-11D3-BF4B-00C04F79EFBC}") = "MafiaApp.Server", "MafiaApp\Server\MafiaApp.Server.csproj", "{29E107A9-895C-4E93-8412-E4B93FC836F2}"
EndProject
Project("{FAE04EC0-301F-11D3-BF4B-00C04F79EFBC}") = "MafiaApp.Client", "MafiaApp\Client\MafiaApp.Client.csproj", "{61888DCB-EDAE-4130-B14E-57ED07CF8270}"
EndProject
Project("{FAE04EC0-301F-11D3-BF4B-00C04F79EFBC}") = "MafiaApp.Shared", "MafiaApp\Shared\MafiaApp.Shared.csproj", "{DB61D6DA-8B01-4FAF-819D-3526D62C063A}"
EndProject
Global
	GlobalSection(SolutionConfigurationPlatforms) = preSolution
		Debug|Any CPU = Debug|Any CPU
		Release|Any CPU = Release|Any CPU
	EndGlobalSection
	GlobalSection(ProjectConfigurationPlatforms) = postSolution
		{29E107A9-895C-4E93-8412-E4B93FC836F2}.Debug|Any CPU.ActiveCfg = Debug|Any CPU
		{29E107A9-895C-4E93-8412-E4B93FC836F2}.Debug|Any CPU.Build.0 = Debug|Any CPU
		{29E107A9-895C-4E93-8412-E4B93FC836F2}.Release|Any CPU.ActiveCfg = Release|Any CPU
		{29E107A9-895C-4E93-8412-E4B93FC836F2}.Release|Any CPU.Build.0 = Release|Any CPU
		{61888DCB-EDAE-4130-B14E-57ED07CF8270}.Debug|Any CPU.ActiveCfg = Debug|Any CPU
		{61888DCB-EDAE-4130-B14E-57ED07CF8270}.Debug|Any CPU.Build.0 = Debug|Any CPU
		{61888DCB-EDAE-4130-B14E-57ED07CF8270}.Release|Any CPU.ActiveCfg = Release|Any CPU
		{61888DCB-EDAE-4130-B14E-57ED07CF8270}.Release|Any CPU.Build.0 = Release|Any CPU
		{DB61D6DA-8B01-4FAF-819D-3526D62C063A}.Debug|Any CPU.ActiveCfg = Debug|Any CPU
		{DB61D6DA-8B01-4FAF-819D-3526D62C063A}.Debug|Any CPU.Build.0 = Debug|Any CPU
		{DB61D6DA-8B01-4FAF-819D-3526D62C063A}.Release|Any CPU.ActiveCfg = Release|Any CPU
		{DB61D6DA-8B01-4FAF-819D-3526D62C063A}.Release|Any CPU.Build.0 = Release|Any CPU
	EndGlobalSection
	GlobalSection(SolutionProperties) = preSolution
		HideSolutionNode = FALSE
	EndGlobalSection
	GlobalSection(ExtensibilityGlobals) = postSolution
		SolutionGuid = {E67D89FB-9E27-4AC2-9B15-17CB269D8919}
	EndGlobalSection
EndGlobal
